// !$*UTF8*$!
{
	archiveVersion = 1;
	classes = {
	};
	objectVersion = 51;
	objects = {

/* Begin PBXBuildFile section */
		00AC63C5FE646D2FB49193B4 /* Pods_RamenInfo_RamenInfoUITests.framework in Frameworks */ = {isa = PBXBuildFile; fileRef = E89EDCDDAA98872C38EA8B09 /* Pods_RamenInfo_RamenInfoUITests.framework */; };
		0240B1E2260DB59A00B96C8F /* GoogleService-Info.plist in Resources */ = {isa = PBXBuildFile; fileRef = 0240B1E1260DB59A00B96C8F /* GoogleService-Info.plist */; };
		02ED926C25BEA4DD00EDAA32 /* TwitterApiProtocol.swift in Sources */ = {isa = PBXBuildFile; fileRef = 02ED926B25BEA4DD00EDAA32 /* TwitterApiProtocol.swift */; };
		02ED927425BEA52B00EDAA32 /* UserTimelineModel.swift in Sources */ = {isa = PBXBuildFile; fileRef = 02ED927325BEA52B00EDAA32 /* UserTimelineModel.swift */; };
		02ED927925BEA5B700EDAA32 /* UserTimelineCodable.swift in Sources */ = {isa = PBXBuildFile; fileRef = 02ED927825BEA5B700EDAA32 /* UserTimelineCodable.swift */; };
		02ED927E25BEA5FE00EDAA32 /* SearchTweet.swift in Sources */ = {isa = PBXBuildFile; fileRef = 02ED927D25BEA5FE00EDAA32 /* SearchTweet.swift */; };
		02ED928325BEA62500EDAA32 /* SearchTweetCodable.swift in Sources */ = {isa = PBXBuildFile; fileRef = 02ED928225BEA62500EDAA32 /* SearchTweetCodable.swift */; };
		02ED928825BEA6D800EDAA32 /* TwitterApi.swift in Sources */ = {isa = PBXBuildFile; fileRef = 02ED928725BEA6D800EDAA32 /* TwitterApi.swift */; };
		02F5B1652636AFCB006353BD /* TweetDataCodable.swift in Sources */ = {isa = PBXBuildFile; fileRef = 02F5B1642636AFCB006353BD /* TweetDataCodable.swift */; };
		02F5B16A2636AFFD006353BD /* TweetModel.swift in Sources */ = {isa = PBXBuildFile; fileRef = 02F5B1692636AFFD006353BD /* TweetModel.swift */; };
		02F5B1702636B035006353BD /* TwitterApiRequest.swift in Sources */ = {isa = PBXBuildFile; fileRef = 02F5B16F2636B035006353BD /* TwitterApiRequest.swift */; };
		02F5B1782636B052006353BD /* UserTimelineRequest.swift in Sources */ = {isa = PBXBuildFile; fileRef = 02F5B1772636B052006353BD /* UserTimelineRequest.swift */; };
		02F5B17D2636B066006353BD /* SearchRecentRequest.swift in Sources */ = {isa = PBXBuildFile; fileRef = 02F5B17C2636B066006353BD /* SearchRecentRequest.swift */; };
		02F5B1822636B0E7006353BD /* SearchRecentModel.swift in Sources */ = {isa = PBXBuildFile; fileRef = 02F5B1812636B0E7006353BD /* SearchRecentModel.swift */; };
		02F5B18A2637C871006353BD /* UserTimelineDecord.swift in Sources */ = {isa = PBXBuildFile; fileRef = 02F5B1892637C871006353BD /* UserTimelineDecord.swift */; };
		02F5B18F2637C882006353BD /* SearchRecentDecord.swift in Sources */ = {isa = PBXBuildFile; fileRef = 02F5B18E2637C882006353BD /* SearchRecentDecord.swift */; };
		02F5B1942637C93F006353BD /* SearchRecentCodable.swift in Sources */ = {isa = PBXBuildFile; fileRef = 02F5B1932637C93F006353BD /* SearchRecentCodable.swift */; };
		02F5B1A72637EF87006353BD /* SearchTweetDecodable.swift in Sources */ = {isa = PBXBuildFile; fileRef = 02F5B1A62637EF87006353BD /* SearchTweetDecodable.swift */; };
		02F5B1AC263AA02D006353BD /* SearchTweetRequest.swift in Sources */ = {isa = PBXBuildFile; fileRef = 02F5B1AB263AA02D006353BD /* SearchTweetRequest.swift */; };
		22237F0025DE5C4E007C60A7 /* FavoriteState.swift in Sources */ = {isa = PBXBuildFile; fileRef = 22237EFF25DE5C4E007C60A7 /* FavoriteState.swift */; };
		2245A08225C7F69B004C99BF /* MessageUI.framework in Frameworks */ = {isa = PBXBuildFile; fileRef = 2245A08125C7F69B004C99BF /* MessageUI.framework */; };
		22533A5A25FDFB9E00544745 /* SignIn.storyboard in Resources */ = {isa = PBXBuildFile; fileRef = 22533A5925FDFB9E00544745 /* SignIn.storyboard */; };
		22533A6225FDFC0700544745 /* SignInViewController.swift in Sources */ = {isa = PBXBuildFile; fileRef = 22533A6125FDFC0700544745 /* SignInViewController.swift */; };
		22565CE6265A672B009374B2 /* SignUp.storyboard in Resources */ = {isa = PBXBuildFile; fileRef = 22565CE5265A672B009374B2 /* SignUp.storyboard */; };
		2260110F25AC5660004893B7 /* AppDelegate.swift in Sources */ = {isa = PBXBuildFile; fileRef = 2260110E25AC5660004893B7 /* AppDelegate.swift */; };
		2260111125AC5660004893B7 /* SceneDelegate.swift in Sources */ = {isa = PBXBuildFile; fileRef = 2260111025AC5660004893B7 /* SceneDelegate.swift */; };
		2260111325AC5660004893B7 /* ViewController.swift in Sources */ = {isa = PBXBuildFile; fileRef = 2260111225AC5660004893B7 /* ViewController.swift */; };
		2260111625AC5660004893B7 /* Main.storyboard in Resources */ = {isa = PBXBuildFile; fileRef = 2260111425AC5660004893B7 /* Main.storyboard */; };
		2260111825AC5663004893B7 /* Assets.xcassets in Resources */ = {isa = PBXBuildFile; fileRef = 2260111725AC5663004893B7 /* Assets.xcassets */; };
		2260111B25AC5663004893B7 /* LaunchScreen.storyboard in Resources */ = {isa = PBXBuildFile; fileRef = 2260111925AC5663004893B7 /* LaunchScreen.storyboard */; };
		2260112625AC5663004893B7 /* RamenInfoTests.swift in Sources */ = {isa = PBXBuildFile; fileRef = 2260112525AC5663004893B7 /* RamenInfoTests.swift */; };
		2260113125AC5663004893B7 /* RamenInfoUITests.swift in Sources */ = {isa = PBXBuildFile; fileRef = 2260113025AC5663004893B7 /* RamenInfoUITests.swift */; };
		2260116D25AD76EF004893B7 /* Login.storyboard in Resources */ = {isa = PBXBuildFile; fileRef = 2260116C25AD76EF004893B7 /* Login.storyboard */; };
		2260117225AD7706004893B7 /* LoginViewController.swift in Sources */ = {isa = PBXBuildFile; fileRef = 2260117125AD7706004893B7 /* LoginViewController.swift */; };
		2260117A25AD7A94004893B7 /* Mypage.storyboard in Resources */ = {isa = PBXBuildFile; fileRef = 2260117925AD7A94004893B7 /* Mypage.storyboard */; };
		2260117F25AD7ABA004893B7 /* MypageViewController.swift in Sources */ = {isa = PBXBuildFile; fileRef = 2260117E25AD7ABA004893B7 /* MypageViewController.swift */; };
		2260118425AD7B32004893B7 /* MessageUI.framework in Frameworks */ = {isa = PBXBuildFile; fileRef = 2260118325AD7B32004893B7 /* MessageUI.framework */; };
		2260119D25AFE97D004893B7 /* SubView.storyboard in Resources */ = {isa = PBXBuildFile; fileRef = 2260119C25AFE97D004893B7 /* SubView.storyboard */; };
		226011A225AFEAE7004893B7 /* SubViewController.swift in Sources */ = {isa = PBXBuildFile; fileRef = 226011A125AFEAE7004893B7 /* SubViewController.swift */; };
		2270D017265B61FC007637DA /* SignUpViewController.swift in Sources */ = {isa = PBXBuildFile; fileRef = 2270D016265B61FC007637DA /* SignUpViewController.swift */; };
		22B1E77825B582FE001D4203 /* FirstTableViewCell.swift in Sources */ = {isa = PBXBuildFile; fileRef = 22B1E77625B582FE001D4203 /* FirstTableViewCell.swift */; };
		22B1E77925B582FE001D4203 /* FirstTableViewCell.xib in Resources */ = {isa = PBXBuildFile; fileRef = 22B1E77725B582FE001D4203 /* FirstTableViewCell.xib */; };
		22B1E7F625B948A0001D4203 /* NSObjectExtension.swift in Sources */ = {isa = PBXBuildFile; fileRef = 22B1E7F525B948A0001D4203 /* NSObjectExtension.swift */; };
		22B1E88C25C27B50001D4203 /* ShopImage.storyboard in Resources */ = {isa = PBXBuildFile; fileRef = 22B1E88B25C27B50001D4203 /* ShopImage.storyboard */; };
		22B1E89125C27FFC001D4203 /* ShopImageViewController.swift in Sources */ = {isa = PBXBuildFile; fileRef = 22B1E89025C27FFC001D4203 /* ShopImageViewController.swift */; };
		58446B89F92B32CBAF0B9234 /* Pods_RamenInfoTests.framework in Frameworks */ = {isa = PBXBuildFile; fileRef = 537C9DE5F39B0CE8692EB1F7 /* Pods_RamenInfoTests.framework */; };
		CB2660932636961C00CF9063 /* SubTableView.storyboard in Resources */ = {isa = PBXBuildFile; fileRef = CB2660922636961C00CF9063 /* SubTableView.storyboard */; };
		CB26609E263696AC00CF9063 /* SubTableViewCell.swift in Sources */ = {isa = PBXBuildFile; fileRef = CB26609C263696AC00CF9063 /* SubTableViewCell.swift */; };
		CB26609F263696AC00CF9063 /* SubTableViewCell.xib in Resources */ = {isa = PBXBuildFile; fileRef = CB26609D263696AC00CF9063 /* SubTableViewCell.xib */; };
		CB2660A72636979B00CF9063 /* SubTableViewController.swift in Sources */ = {isa = PBXBuildFile; fileRef = CB2660A62636979B00CF9063 /* SubTableViewController.swift */; };
		CB8EFE542653984700952702 /* UIColorHex.swift in Sources */ = {isa = PBXBuildFile; fileRef = CB8EFE532653984700952702 /* UIColorHex.swift */; };
		CBAFB9522668BF1200CDB1E1 /* popup.storyboard in Resources */ = {isa = PBXBuildFile; fileRef = CBAFB9512668BF1200CDB1E1 /* popup.storyboard */; };
		CBAFB9572668BF9800CDB1E1 /* PopupViewController.swift in Sources */ = {isa = PBXBuildFile; fileRef = CBAFB9562668BF9800CDB1E1 /* PopupViewController.swift */; };
		CBE4C7D125B9467300897336 /* CustomScrollViewCell.swift in Sources */ = {isa = PBXBuildFile; fileRef = CBE4C7D025B9467300897336 /* CustomScrollViewCell.swift */; };
		CBE4C7DF25B9489300897336 /* CustomTableViewCell.swift in Sources */ = {isa = PBXBuildFile; fileRef = CBE4C7DD25B9489300897336 /* CustomTableViewCell.swift */; };
		CBE4C7E025B9489300897336 /* CustomTableViewCell.xib in Resources */ = {isa = PBXBuildFile; fileRef = CBE4C7DE25B9489300897336 /* CustomTableViewCell.xib */; };
		CBE4C7EA25B94ADE00897336 /* RamenData.swift in Sources */ = {isa = PBXBuildFile; fileRef = CBE4C7E925B94ADE00897336 /* RamenData.swift */; };
		CBE4C7EF25B94DC500897336 /* TableView.swift in Sources */ = {isa = PBXBuildFile; fileRef = CBE4C7EE25B94DC500897336 /* TableView.swift */; };
		CBE4C80225B960B800897336 /* FireBaseDatabase.swift in Sources */ = {isa = PBXBuildFile; fileRef = CBE4C80125B960B800897336 /* FireBaseDatabase.swift */; };
		CBE4C83825B96D0700897336 /* NextSegueDelegate.swift in Sources */ = {isa = PBXBuildFile; fileRef = CBE4C83725B96D0700897336 /* NextSegueDelegate.swift */; };
		FCE04FBEC0DE96FC6CB8F42A /* Pods_RamenInfo.framework in Frameworks */ = {isa = PBXBuildFile; fileRef = FDB7CBD01B27D45D2557D97B /* Pods_RamenInfo.framework */; };
/* End PBXBuildFile section */

/* Begin PBXContainerItemProxy section */
		2260112225AC5663004893B7 /* PBXContainerItemProxy */ = {
			isa = PBXContainerItemProxy;
			containerPortal = 2260110325AC5660004893B7 /* Project object */;
			proxyType = 1;
			remoteGlobalIDString = 2260110A25AC5660004893B7;
			remoteInfo = RamenInfo;
		};
		2260112D25AC5663004893B7 /* PBXContainerItemProxy */ = {
			isa = PBXContainerItemProxy;
			containerPortal = 2260110325AC5660004893B7 /* Project object */;
			proxyType = 1;
			remoteGlobalIDString = 2260110A25AC5660004893B7;
			remoteInfo = RamenInfo;
		};
/* End PBXContainerItemProxy section */

/* Begin PBXFileReference section */
		0240B1E1260DB59A00B96C8F /* GoogleService-Info.plist */ = {isa = PBXFileReference; fileEncoding = 4; lastKnownFileType = text.plist.xml; path = "GoogleService-Info.plist"; sourceTree = "<group>"; };
		02ED926B25BEA4DD00EDAA32 /* TwitterApiProtocol.swift */ = {isa = PBXFileReference; lastKnownFileType = sourcecode.swift; path = TwitterApiProtocol.swift; sourceTree = "<group>"; };
		02ED927325BEA52B00EDAA32 /* UserTimelineModel.swift */ = {isa = PBXFileReference; lastKnownFileType = sourcecode.swift; path = UserTimelineModel.swift; sourceTree = "<group>"; };
		02ED927825BEA5B700EDAA32 /* UserTimelineCodable.swift */ = {isa = PBXFileReference; lastKnownFileType = sourcecode.swift; path = UserTimelineCodable.swift; sourceTree = "<group>"; };
		02ED927D25BEA5FE00EDAA32 /* SearchTweet.swift */ = {isa = PBXFileReference; lastKnownFileType = sourcecode.swift; path = SearchTweet.swift; sourceTree = "<group>"; };
		02ED928225BEA62500EDAA32 /* SearchTweetCodable.swift */ = {isa = PBXFileReference; lastKnownFileType = sourcecode.swift; path = SearchTweetCodable.swift; sourceTree = "<group>"; };
		02ED928725BEA6D800EDAA32 /* TwitterApi.swift */ = {isa = PBXFileReference; lastKnownFileType = sourcecode.swift; path = TwitterApi.swift; sourceTree = "<group>"; };
		02F5B1642636AFCB006353BD /* TweetDataCodable.swift */ = {isa = PBXFileReference; lastKnownFileType = sourcecode.swift; path = TweetDataCodable.swift; sourceTree = "<group>"; };
		02F5B1692636AFFD006353BD /* TweetModel.swift */ = {isa = PBXFileReference; lastKnownFileType = sourcecode.swift; path = TweetModel.swift; sourceTree = "<group>"; };
		02F5B16F2636B035006353BD /* TwitterApiRequest.swift */ = {isa = PBXFileReference; lastKnownFileType = sourcecode.swift; path = TwitterApiRequest.swift; sourceTree = "<group>"; };
		02F5B1772636B052006353BD /* UserTimelineRequest.swift */ = {isa = PBXFileReference; lastKnownFileType = sourcecode.swift; path = UserTimelineRequest.swift; sourceTree = "<group>"; };
		02F5B17C2636B066006353BD /* SearchRecentRequest.swift */ = {isa = PBXFileReference; lastKnownFileType = sourcecode.swift; path = SearchRecentRequest.swift; sourceTree = "<group>"; };
		02F5B1812636B0E7006353BD /* SearchRecentModel.swift */ = {isa = PBXFileReference; lastKnownFileType = sourcecode.swift; path = SearchRecentModel.swift; sourceTree = "<group>"; };
		02F5B1892637C871006353BD /* UserTimelineDecord.swift */ = {isa = PBXFileReference; lastKnownFileType = sourcecode.swift; path = UserTimelineDecord.swift; sourceTree = "<group>"; };
		02F5B18E2637C882006353BD /* SearchRecentDecord.swift */ = {isa = PBXFileReference; lastKnownFileType = sourcecode.swift; path = SearchRecentDecord.swift; sourceTree = "<group>"; };
		02F5B1932637C93F006353BD /* SearchRecentCodable.swift */ = {isa = PBXFileReference; lastKnownFileType = sourcecode.swift; path = SearchRecentCodable.swift; sourceTree = "<group>"; };
		02F5B1A62637EF87006353BD /* SearchTweetDecodable.swift */ = {isa = PBXFileReference; lastKnownFileType = sourcecode.swift; path = SearchTweetDecodable.swift; sourceTree = "<group>"; };
		02F5B1AB263AA02D006353BD /* SearchTweetRequest.swift */ = {isa = PBXFileReference; lastKnownFileType = sourcecode.swift; path = SearchTweetRequest.swift; sourceTree = "<group>"; };
		0576606CF2DE06726D90EC1A /* Pods-RamenInfoTests.debug.xcconfig */ = {isa = PBXFileReference; includeInIndex = 1; lastKnownFileType = text.xcconfig; name = "Pods-RamenInfoTests.debug.xcconfig"; path = "Target Support Files/Pods-RamenInfoTests/Pods-RamenInfoTests.debug.xcconfig"; sourceTree = "<group>"; };
		22237EFF25DE5C4E007C60A7 /* FavoriteState.swift */ = {isa = PBXFileReference; lastKnownFileType = sourcecode.swift; path = FavoriteState.swift; sourceTree = "<group>"; };
		2245A08125C7F69B004C99BF /* MessageUI.framework */ = {isa = PBXFileReference; lastKnownFileType = wrapper.framework; name = MessageUI.framework; path = Platforms/MacOSX.platform/Developer/SDKs/MacOSX11.1.sdk/System/iOSSupport/System/Library/Frameworks/MessageUI.framework; sourceTree = DEVELOPER_DIR; };
		22533A5925FDFB9E00544745 /* SignIn.storyboard */ = {isa = PBXFileReference; lastKnownFileType = file.storyboard; path = SignIn.storyboard; sourceTree = "<group>"; };
		22533A6125FDFC0700544745 /* SignInViewController.swift */ = {isa = PBXFileReference; lastKnownFileType = sourcecode.swift; path = SignInViewController.swift; sourceTree = "<group>"; };
		22565CE5265A672B009374B2 /* SignUp.storyboard */ = {isa = PBXFileReference; lastKnownFileType = file.storyboard; path = SignUp.storyboard; sourceTree = "<group>"; };
		2260110B25AC5660004893B7 /* RamenInfo.app */ = {isa = PBXFileReference; explicitFileType = wrapper.application; includeInIndex = 0; path = RamenInfo.app; sourceTree = BUILT_PRODUCTS_DIR; };
		2260110E25AC5660004893B7 /* AppDelegate.swift */ = {isa = PBXFileReference; lastKnownFileType = sourcecode.swift; path = AppDelegate.swift; sourceTree = "<group>"; };
		2260111025AC5660004893B7 /* SceneDelegate.swift */ = {isa = PBXFileReference; lastKnownFileType = sourcecode.swift; path = SceneDelegate.swift; sourceTree = "<group>"; };
		2260111225AC5660004893B7 /* ViewController.swift */ = {isa = PBXFileReference; lastKnownFileType = sourcecode.swift; path = ViewController.swift; sourceTree = "<group>"; };
		2260111525AC5660004893B7 /* Base */ = {isa = PBXFileReference; lastKnownFileType = file.storyboard; name = Base; path = Base.lproj/Main.storyboard; sourceTree = "<group>"; };
		2260111725AC5663004893B7 /* Assets.xcassets */ = {isa = PBXFileReference; lastKnownFileType = folder.assetcatalog; path = Assets.xcassets; sourceTree = "<group>"; };
		2260111A25AC5663004893B7 /* Base */ = {isa = PBXFileReference; lastKnownFileType = file.storyboard; name = Base; path = Base.lproj/LaunchScreen.storyboard; sourceTree = "<group>"; };
		2260111C25AC5663004893B7 /* Info.plist */ = {isa = PBXFileReference; lastKnownFileType = text.plist.xml; path = Info.plist; sourceTree = "<group>"; };
		2260112125AC5663004893B7 /* RamenInfoTests.xctest */ = {isa = PBXFileReference; explicitFileType = wrapper.cfbundle; includeInIndex = 0; path = RamenInfoTests.xctest; sourceTree = BUILT_PRODUCTS_DIR; };
		2260112525AC5663004893B7 /* RamenInfoTests.swift */ = {isa = PBXFileReference; lastKnownFileType = sourcecode.swift; path = RamenInfoTests.swift; sourceTree = "<group>"; };
		2260112725AC5663004893B7 /* Info.plist */ = {isa = PBXFileReference; lastKnownFileType = text.plist.xml; path = Info.plist; sourceTree = "<group>"; };
		2260112C25AC5663004893B7 /* RamenInfoUITests.xctest */ = {isa = PBXFileReference; explicitFileType = wrapper.cfbundle; includeInIndex = 0; path = RamenInfoUITests.xctest; sourceTree = BUILT_PRODUCTS_DIR; };
		2260113025AC5663004893B7 /* RamenInfoUITests.swift */ = {isa = PBXFileReference; lastKnownFileType = sourcecode.swift; path = RamenInfoUITests.swift; sourceTree = "<group>"; };
		2260113225AC5663004893B7 /* Info.plist */ = {isa = PBXFileReference; lastKnownFileType = text.plist.xml; path = Info.plist; sourceTree = "<group>"; };
		2260116C25AD76EF004893B7 /* Login.storyboard */ = {isa = PBXFileReference; lastKnownFileType = file.storyboard; path = Login.storyboard; sourceTree = "<group>"; };
		2260117125AD7706004893B7 /* LoginViewController.swift */ = {isa = PBXFileReference; lastKnownFileType = sourcecode.swift; path = LoginViewController.swift; sourceTree = "<group>"; };
		2260117925AD7A94004893B7 /* Mypage.storyboard */ = {isa = PBXFileReference; lastKnownFileType = file.storyboard; path = Mypage.storyboard; sourceTree = "<group>"; };
		2260117E25AD7ABA004893B7 /* MypageViewController.swift */ = {isa = PBXFileReference; lastKnownFileType = sourcecode.swift; path = MypageViewController.swift; sourceTree = "<group>"; };
		2260118325AD7B32004893B7 /* MessageUI.framework */ = {isa = PBXFileReference; lastKnownFileType = wrapper.framework; name = MessageUI.framework; path = System/Library/Frameworks/MessageUI.framework; sourceTree = SDKROOT; };
		2260119C25AFE97D004893B7 /* SubView.storyboard */ = {isa = PBXFileReference; lastKnownFileType = file.storyboard; path = SubView.storyboard; sourceTree = "<group>"; };
		226011A125AFEAE7004893B7 /* SubViewController.swift */ = {isa = PBXFileReference; lastKnownFileType = sourcecode.swift; path = SubViewController.swift; sourceTree = "<group>"; };
		2270D016265B61FC007637DA /* SignUpViewController.swift */ = {isa = PBXFileReference; lastKnownFileType = sourcecode.swift; path = SignUpViewController.swift; sourceTree = "<group>"; };
		22B0F26226679AF80047CE54 /* RamenInfo.entitlements */ = {isa = PBXFileReference; lastKnownFileType = text.plist.entitlements; path = RamenInfo.entitlements; sourceTree = "<group>"; };
		22B1E77625B582FE001D4203 /* FirstTableViewCell.swift */ = {isa = PBXFileReference; lastKnownFileType = sourcecode.swift; path = FirstTableViewCell.swift; sourceTree = "<group>"; };
		22B1E77725B582FE001D4203 /* FirstTableViewCell.xib */ = {isa = PBXFileReference; lastKnownFileType = file.xib; path = FirstTableViewCell.xib; sourceTree = "<group>"; };
		22B1E7F525B948A0001D4203 /* NSObjectExtension.swift */ = {isa = PBXFileReference; lastKnownFileType = sourcecode.swift; path = NSObjectExtension.swift; sourceTree = "<group>"; };
		22B1E88B25C27B50001D4203 /* ShopImage.storyboard */ = {isa = PBXFileReference; lastKnownFileType = file.storyboard; path = ShopImage.storyboard; sourceTree = "<group>"; };
		22B1E89025C27FFC001D4203 /* ShopImageViewController.swift */ = {isa = PBXFileReference; lastKnownFileType = sourcecode.swift; path = ShopImageViewController.swift; sourceTree = "<group>"; };
		537C9DE5F39B0CE8692EB1F7 /* Pods_RamenInfoTests.framework */ = {isa = PBXFileReference; explicitFileType = wrapper.framework; includeInIndex = 0; path = Pods_RamenInfoTests.framework; sourceTree = BUILT_PRODUCTS_DIR; };
		590F5AD9B89560A87F98880C /* Pods-RamenInfo.debug.xcconfig */ = {isa = PBXFileReference; includeInIndex = 1; lastKnownFileType = text.xcconfig; name = "Pods-RamenInfo.debug.xcconfig"; path = "Target Support Files/Pods-RamenInfo/Pods-RamenInfo.debug.xcconfig"; sourceTree = "<group>"; };
		7FE735EC6A67163B78E48AB4 /* Pods-RamenInfo.release.xcconfig */ = {isa = PBXFileReference; includeInIndex = 1; lastKnownFileType = text.xcconfig; name = "Pods-RamenInfo.release.xcconfig"; path = "Target Support Files/Pods-RamenInfo/Pods-RamenInfo.release.xcconfig"; sourceTree = "<group>"; };
		840D70369F30361A1ECD8522 /* Pods-RamenInfoTests.release.xcconfig */ = {isa = PBXFileReference; includeInIndex = 1; lastKnownFileType = text.xcconfig; name = "Pods-RamenInfoTests.release.xcconfig"; path = "Target Support Files/Pods-RamenInfoTests/Pods-RamenInfoTests.release.xcconfig"; sourceTree = "<group>"; };
		CB2660922636961C00CF9063 /* SubTableView.storyboard */ = {isa = PBXFileReference; lastKnownFileType = file.storyboard; path = SubTableView.storyboard; sourceTree = "<group>"; };
		CB26609C263696AC00CF9063 /* SubTableViewCell.swift */ = {isa = PBXFileReference; lastKnownFileType = sourcecode.swift; path = SubTableViewCell.swift; sourceTree = "<group>"; };
		CB26609D263696AC00CF9063 /* SubTableViewCell.xib */ = {isa = PBXFileReference; lastKnownFileType = file.xib; path = SubTableViewCell.xib; sourceTree = "<group>"; };
		CB2660A62636979B00CF9063 /* SubTableViewController.swift */ = {isa = PBXFileReference; lastKnownFileType = sourcecode.swift; path = SubTableViewController.swift; sourceTree = "<group>"; };
		CB8EFE532653984700952702 /* UIColorHex.swift */ = {isa = PBXFileReference; lastKnownFileType = sourcecode.swift; path = UIColorHex.swift; sourceTree = "<group>"; };
		CBAFB94D2665C77600CDB1E1 /* RamenInfo.entitlements */ = {isa = PBXFileReference; lastKnownFileType = text.plist.entitlements; path = RamenInfo.entitlements; sourceTree = "<group>"; };
		CBAFB9512668BF1200CDB1E1 /* popup.storyboard */ = {isa = PBXFileReference; lastKnownFileType = file.storyboard; path = popup.storyboard; sourceTree = "<group>"; };
		CBAFB9562668BF9800CDB1E1 /* PopupViewController.swift */ = {isa = PBXFileReference; lastKnownFileType = sourcecode.swift; path = PopupViewController.swift; sourceTree = "<group>"; };
		CBE4C7D025B9467300897336 /* CustomScrollViewCell.swift */ = {isa = PBXFileReference; lastKnownFileType = sourcecode.swift; path = CustomScrollViewCell.swift; sourceTree = "<group>"; };
		CBE4C7DD25B9489300897336 /* CustomTableViewCell.swift */ = {isa = PBXFileReference; lastKnownFileType = sourcecode.swift; path = CustomTableViewCell.swift; sourceTree = "<group>"; };
		CBE4C7DE25B9489300897336 /* CustomTableViewCell.xib */ = {isa = PBXFileReference; lastKnownFileType = file.xib; path = CustomTableViewCell.xib; sourceTree = "<group>"; };
		CBE4C7E925B94ADE00897336 /* RamenData.swift */ = {isa = PBXFileReference; lastKnownFileType = sourcecode.swift; path = RamenData.swift; sourceTree = "<group>"; };
		CBE4C7EE25B94DC500897336 /* TableView.swift */ = {isa = PBXFileReference; lastKnownFileType = sourcecode.swift; path = TableView.swift; sourceTree = "<group>"; };
		CBE4C80125B960B800897336 /* FireBaseDatabase.swift */ = {isa = PBXFileReference; lastKnownFileType = sourcecode.swift; path = FireBaseDatabase.swift; sourceTree = "<group>"; };
		CBE4C83725B96D0700897336 /* NextSegueDelegate.swift */ = {isa = PBXFileReference; lastKnownFileType = sourcecode.swift; path = NextSegueDelegate.swift; sourceTree = "<group>"; };
		D2015B444FFDCF7BAAF28636 /* Pods-RamenInfo-RamenInfoUITests.debug.xcconfig */ = {isa = PBXFileReference; includeInIndex = 1; lastKnownFileType = text.xcconfig; name = "Pods-RamenInfo-RamenInfoUITests.debug.xcconfig"; path = "Target Support Files/Pods-RamenInfo-RamenInfoUITests/Pods-RamenInfo-RamenInfoUITests.debug.xcconfig"; sourceTree = "<group>"; };
		E89EDCDDAA98872C38EA8B09 /* Pods_RamenInfo_RamenInfoUITests.framework */ = {isa = PBXFileReference; explicitFileType = wrapper.framework; includeInIndex = 0; path = Pods_RamenInfo_RamenInfoUITests.framework; sourceTree = BUILT_PRODUCTS_DIR; };
		F5D738E5BBECA5EFCDE918C7 /* Pods-RamenInfo-RamenInfoUITests.release.xcconfig */ = {isa = PBXFileReference; includeInIndex = 1; lastKnownFileType = text.xcconfig; name = "Pods-RamenInfo-RamenInfoUITests.release.xcconfig"; path = "Target Support Files/Pods-RamenInfo-RamenInfoUITests/Pods-RamenInfo-RamenInfoUITests.release.xcconfig"; sourceTree = "<group>"; };
		FDB7CBD01B27D45D2557D97B /* Pods_RamenInfo.framework */ = {isa = PBXFileReference; explicitFileType = wrapper.framework; includeInIndex = 0; path = Pods_RamenInfo.framework; sourceTree = BUILT_PRODUCTS_DIR; };
/* End PBXFileReference section */

/* Begin PBXFrameworksBuildPhase section */
		2260110825AC5660004893B7 /* Frameworks */ = {
			isa = PBXFrameworksBuildPhase;
			buildActionMask = 2147483647;
			files = (
				2260118425AD7B32004893B7 /* MessageUI.framework in Frameworks */,
				FCE04FBEC0DE96FC6CB8F42A /* Pods_RamenInfo.framework in Frameworks */,
			);
			runOnlyForDeploymentPostprocessing = 0;
		};
		2260111E25AC5663004893B7 /* Frameworks */ = {
			isa = PBXFrameworksBuildPhase;
			buildActionMask = 2147483647;
			files = (
				58446B89F92B32CBAF0B9234 /* Pods_RamenInfoTests.framework in Frameworks */,
			);
			runOnlyForDeploymentPostprocessing = 0;
		};
		2260112925AC5663004893B7 /* Frameworks */ = {
			isa = PBXFrameworksBuildPhase;
			buildActionMask = 2147483647;
			files = (
				2245A08225C7F69B004C99BF /* MessageUI.framework in Frameworks */,
				00AC63C5FE646D2FB49193B4 /* Pods_RamenInfo_RamenInfoUITests.framework in Frameworks */,
			);
			runOnlyForDeploymentPostprocessing = 0;
		};
/* End PBXFrameworksBuildPhase section */

/* Begin PBXGroup section */
		02ED926725BEA43900EDAA32 /* Twitter */ = {
			isa = PBXGroup;
			children = (
				02F5B16E2636B01E006353BD /* Request */,
				02ED926A25BEA4C300EDAA32 /* Model */,
				02ED926925BEA4B700EDAA32 /* Codable */,
				02ED926825BEA4AF00EDAA32 /* Protocol */,
				02ED928725BEA6D800EDAA32 /* TwitterApi.swift */,
			);
			path = Twitter;
			sourceTree = "<group>";
		};
		02ED926825BEA4AF00EDAA32 /* Protocol */ = {
			isa = PBXGroup;
			children = (
				02ED926B25BEA4DD00EDAA32 /* TwitterApiProtocol.swift */,
			);
			path = Protocol;
			sourceTree = "<group>";
		};
		02ED926925BEA4B700EDAA32 /* Codable */ = {
			isa = PBXGroup;
			children = (
				02ED927825BEA5B700EDAA32 /* UserTimelineCodable.swift */,
				02ED928225BEA62500EDAA32 /* SearchTweetCodable.swift */,
				02F5B1642636AFCB006353BD /* TweetDataCodable.swift */,
				02F5B1892637C871006353BD /* UserTimelineDecord.swift */,
				02F5B18E2637C882006353BD /* SearchRecentDecord.swift */,
				02F5B1932637C93F006353BD /* SearchRecentCodable.swift */,
				02F5B1A62637EF87006353BD /* SearchTweetDecodable.swift */,
			);
			path = Codable;
			sourceTree = "<group>";
		};
		02ED926A25BEA4C300EDAA32 /* Model */ = {
			isa = PBXGroup;
			children = (
				02ED927325BEA52B00EDAA32 /* UserTimelineModel.swift */,
				02ED927D25BEA5FE00EDAA32 /* SearchTweet.swift */,
				02F5B1692636AFFD006353BD /* TweetModel.swift */,
				02F5B1812636B0E7006353BD /* SearchRecentModel.swift */,
			);
			path = Model;
			sourceTree = "<group>";
		};
		02F5B16E2636B01E006353BD /* Request */ = {
			isa = PBXGroup;
			children = (
				02F5B16F2636B035006353BD /* TwitterApiRequest.swift */,
				02F5B1772636B052006353BD /* UserTimelineRequest.swift */,
				02F5B17C2636B066006353BD /* SearchRecentRequest.swift */,
				02F5B1AB263AA02D006353BD /* SearchTweetRequest.swift */,
			);
			path = Request;
			sourceTree = "<group>";
		};
		2260110225AC5660004893B7 = {
			isa = PBXGroup;
			children = (
				2260110D25AC5660004893B7 /* RamenInfo */,
				2260112425AC5663004893B7 /* RamenInfoTests */,
				2260112F25AC5663004893B7 /* RamenInfoUITests */,
				2260110C25AC5660004893B7 /* Products */,
				BD6CF4A3096C4CA666F9581A /* Pods */,
				EB70DE5F84F76329CB7E9B66 /* Frameworks */,
			);
			sourceTree = "<group>";
		};
		2260110C25AC5660004893B7 /* Products */ = {
			isa = PBXGroup;
			children = (
				2260110B25AC5660004893B7 /* RamenInfo.app */,
				2260112125AC5663004893B7 /* RamenInfoTests.xctest */,
				2260112C25AC5663004893B7 /* RamenInfoUITests.xctest */,
			);
			name = Products;
			sourceTree = "<group>";
		};
		2260110D25AC5660004893B7 /* RamenInfo */ = {
			isa = PBXGroup;
			children = (

				CBAFB94D2665C77600CDB1E1 /* RamenInfo.entitlements */,

				2260116325AD73D7004893B7 /* Model */,
				2260116425AD73DF004893B7 /* View */,
				2260116525AD73E9004893B7 /* Controller */,
				2260111725AC5663004893B7 /* Assets.xcassets */,
				2260111925AC5663004893B7 /* LaunchScreen.storyboard */,
				2260111C25AC5663004893B7 /* Info.plist */,
			);
			path = RamenInfo;
			sourceTree = "<group>";
		};
		2260112425AC5663004893B7 /* RamenInfoTests */ = {
			isa = PBXGroup;
			children = (
				2260112525AC5663004893B7 /* RamenInfoTests.swift */,
				2260112725AC5663004893B7 /* Info.plist */,
			);
			path = RamenInfoTests;
			sourceTree = "<group>";
		};
		2260112F25AC5663004893B7 /* RamenInfoUITests */ = {
			isa = PBXGroup;
			children = (
				2260113025AC5663004893B7 /* RamenInfoUITests.swift */,
				2260113225AC5663004893B7 /* Info.plist */,
			);
			path = RamenInfoUITests;
			sourceTree = "<group>";
		};
		2260116325AD73D7004893B7 /* Model */ = {
			isa = PBXGroup;
			children = (
				02ED926725BEA43900EDAA32 /* Twitter */,
				2260111025AC5660004893B7 /* SceneDelegate.swift */,
				CBE4C7E925B94ADE00897336 /* RamenData.swift */,
				0240B1E1260DB59A00B96C8F /* GoogleService-Info.plist */,
				2260110E25AC5660004893B7 /* AppDelegate.swift */,
				CBE4C80125B960B800897336 /* FireBaseDatabase.swift */,
				22B1E7F525B948A0001D4203 /* NSObjectExtension.swift */,
				22237EFF25DE5C4E007C60A7 /* FavoriteState.swift */,
				CB8EFE532653984700952702 /* UIColorHex.swift */,
			);
			path = Model;
			sourceTree = "<group>";
		};
		2260116425AD73DF004893B7 /* View */ = {
			isa = PBXGroup;
			children = (
				22B1E77525B582B0001D4203 /* Xib */,
				2260116C25AD76EF004893B7 /* Login.storyboard */,
				22533A5925FDFB9E00544745 /* SignIn.storyboard */,
				22565CE5265A672B009374B2 /* SignUp.storyboard */,
				2260111425AC5660004893B7 /* Main.storyboard */,
				CB2660922636961C00CF9063 /* SubTableView.storyboard */,
				2260117925AD7A94004893B7 /* Mypage.storyboard */,
				2260119C25AFE97D004893B7 /* SubView.storyboard */,
				22B1E88B25C27B50001D4203 /* ShopImage.storyboard */,
				CBAFB9512668BF1200CDB1E1 /* popup.storyboard */,
			);
			path = View;
			sourceTree = "<group>";
		};
		2260116525AD73E9004893B7 /* Controller */ = {
			isa = PBXGroup;
			children = (
				2260111225AC5660004893B7 /* ViewController.swift */,
				22533A6125FDFC0700544745 /* SignInViewController.swift */,
				2270D016265B61FC007637DA /* SignUpViewController.swift */,
				2260117125AD7706004893B7 /* LoginViewController.swift */,
				2260117E25AD7ABA004893B7 /* MypageViewController.swift */,
				CBE4C7D025B9467300897336 /* CustomScrollViewCell.swift */,
				226011A125AFEAE7004893B7 /* SubViewController.swift */,
				22B1E89025C27FFC001D4203 /* ShopImageViewController.swift */,
				CBE4C7DD25B9489300897336 /* CustomTableViewCell.swift */,
				CBE4C7EE25B94DC500897336 /* TableView.swift */,
				CB2660A62636979B00CF9063 /* SubTableViewController.swift */,
				CB26609C263696AC00CF9063 /* SubTableViewCell.swift */,
				CBAFB9562668BF9800CDB1E1 /* PopupViewController.swift */,
				CBE4C83725B96D0700897336 /* NextSegueDelegate.swift */,
			);
			path = Controller;
			sourceTree = "<group>";
		};
		22B1E77525B582B0001D4203 /* Xib */ = {
			isa = PBXGroup;
			children = (
				22B1E77625B582FE001D4203 /* FirstTableViewCell.swift */,
				22B1E77725B582FE001D4203 /* FirstTableViewCell.xib */,
				CBE4C7DE25B9489300897336 /* CustomTableViewCell.xib */,
				CB26609D263696AC00CF9063 /* SubTableViewCell.xib */,
			);
			path = Xib;
			sourceTree = "<group>";
		};
		BD6CF4A3096C4CA666F9581A /* Pods */ = {
			isa = PBXGroup;
			children = (
				590F5AD9B89560A87F98880C /* Pods-RamenInfo.debug.xcconfig */,
				7FE735EC6A67163B78E48AB4 /* Pods-RamenInfo.release.xcconfig */,
				D2015B444FFDCF7BAAF28636 /* Pods-RamenInfo-RamenInfoUITests.debug.xcconfig */,
				F5D738E5BBECA5EFCDE918C7 /* Pods-RamenInfo-RamenInfoUITests.release.xcconfig */,
				0576606CF2DE06726D90EC1A /* Pods-RamenInfoTests.debug.xcconfig */,
				840D70369F30361A1ECD8522 /* Pods-RamenInfoTests.release.xcconfig */,
			);
			path = Pods;
			sourceTree = "<group>";
		};
		EB70DE5F84F76329CB7E9B66 /* Frameworks */ = {
			isa = PBXGroup;
			children = (
				2260118325AD7B32004893B7 /* MessageUI.framework */,
				2245A08125C7F69B004C99BF /* MessageUI.framework */,
				FDB7CBD01B27D45D2557D97B /* Pods_RamenInfo.framework */,
				E89EDCDDAA98872C38EA8B09 /* Pods_RamenInfo_RamenInfoUITests.framework */,
				537C9DE5F39B0CE8692EB1F7 /* Pods_RamenInfoTests.framework */,
			);
			name = Frameworks;
			sourceTree = "<group>";
		};
/* End PBXGroup section */

/* Begin PBXNativeTarget section */
		2260110A25AC5660004893B7 /* RamenInfo */ = {
			isa = PBXNativeTarget;
			buildConfigurationList = 2260113525AC5663004893B7 /* Build configuration list for PBXNativeTarget "RamenInfo" */;
			buildPhases = (
				5AF89F15BE0A451DE52F389F /* [CP] Check Pods Manifest.lock */,
				2260110725AC5660004893B7 /* Sources */,
				2260110825AC5660004893B7 /* Frameworks */,
				2260110925AC5660004893B7 /* Resources */,
				618BFF6D73218DAB0E1657F1 /* [CP] Embed Pods Frameworks */,
				2553E8451EDF4DAB5FB3EA3C /* [CP] Copy Pods Resources */,
			);
			buildRules = (
			);
			dependencies = (
			);
			name = RamenInfo;
			productName = RamenInfo;
			productReference = 2260110B25AC5660004893B7 /* RamenInfo.app */;
			productType = "com.apple.product-type.application";
		};
		2260112025AC5663004893B7 /* RamenInfoTests */ = {
			isa = PBXNativeTarget;
			buildConfigurationList = 2260113825AC5663004893B7 /* Build configuration list for PBXNativeTarget "RamenInfoTests" */;
			buildPhases = (
				C1D9185F879BD92E188D81D7 /* [CP] Check Pods Manifest.lock */,
				2260111D25AC5663004893B7 /* Sources */,
				2260111E25AC5663004893B7 /* Frameworks */,
				2260111F25AC5663004893B7 /* Resources */,
			);
			buildRules = (
			);
			dependencies = (
				2260112325AC5663004893B7 /* PBXTargetDependency */,
			);
			name = RamenInfoTests;
			productName = RamenInfoTests;
			productReference = 2260112125AC5663004893B7 /* RamenInfoTests.xctest */;
			productType = "com.apple.product-type.bundle.unit-test";
		};
		2260112B25AC5663004893B7 /* RamenInfoUITests */ = {
			isa = PBXNativeTarget;
			buildConfigurationList = 2260113B25AC5663004893B7 /* Build configuration list for PBXNativeTarget "RamenInfoUITests" */;
			buildPhases = (
				58F6DCAE7F7F1DE987D88064 /* [CP] Check Pods Manifest.lock */,
				2260112825AC5663004893B7 /* Sources */,
				2260112925AC5663004893B7 /* Frameworks */,
				2260112A25AC5663004893B7 /* Resources */,
				47DCDBC916F30E8752487ED3 /* [CP] Embed Pods Frameworks */,
				23F08833BBB1E63334B767BB /* [CP] Copy Pods Resources */,
			);
			buildRules = (
			);
			dependencies = (
				2260112E25AC5663004893B7 /* PBXTargetDependency */,
			);
			name = RamenInfoUITests;
			productName = RamenInfoUITests;
			productReference = 2260112C25AC5663004893B7 /* RamenInfoUITests.xctest */;
			productType = "com.apple.product-type.bundle.ui-testing";
		};
/* End PBXNativeTarget section */

/* Begin PBXProject section */
		2260110325AC5660004893B7 /* Project object */ = {
			isa = PBXProject;
			attributes = {
				LastSwiftUpdateCheck = 1230;
				LastUpgradeCheck = 1230;
				TargetAttributes = {
					2260110A25AC5660004893B7 = {
						CreatedOnToolsVersion = 12.3;
					};
					2260112025AC5663004893B7 = {
						CreatedOnToolsVersion = 12.3;
						TestTargetID = 2260110A25AC5660004893B7;
					};
					2260112B25AC5663004893B7 = {
						CreatedOnToolsVersion = 12.3;
						TestTargetID = 2260110A25AC5660004893B7;
					};
				};
			};
			buildConfigurationList = 2260110625AC5660004893B7 /* Build configuration list for PBXProject "RamenInfo" */;
			compatibilityVersion = "Xcode 9.3";
			developmentRegion = en;
			hasScannedForEncodings = 0;
			knownRegions = (
				en,
				Base,
			);
			mainGroup = 2260110225AC5660004893B7;
			productRefGroup = 2260110C25AC5660004893B7 /* Products */;
			projectDirPath = "";
			projectRoot = "";
			targets = (
				2260110A25AC5660004893B7 /* RamenInfo */,
				2260112025AC5663004893B7 /* RamenInfoTests */,
				2260112B25AC5663004893B7 /* RamenInfoUITests */,
			);
		};
/* End PBXProject section */

/* Begin PBXResourcesBuildPhase section */
		2260110925AC5660004893B7 /* Resources */ = {
			isa = PBXResourcesBuildPhase;
			buildActionMask = 2147483647;
			files = (
				2260116D25AD76EF004893B7 /* Login.storyboard in Resources */,
				2260111B25AC5663004893B7 /* LaunchScreen.storyboard in Resources */,
				22B1E77925B582FE001D4203 /* FirstTableViewCell.xib in Resources */,
				CB2660932636961C00CF9063 /* SubTableView.storyboard in Resources */,
				CBAFB9522668BF1200CDB1E1 /* popup.storyboard in Resources */,
				2260117A25AD7A94004893B7 /* Mypage.storyboard in Resources */,
				22B1E88C25C27B50001D4203 /* ShopImage.storyboard in Resources */,
				2260119D25AFE97D004893B7 /* SubView.storyboard in Resources */,
				22533A5A25FDFB9E00544745 /* SignIn.storyboard in Resources */,
				2260111825AC5663004893B7 /* Assets.xcassets in Resources */,
				0240B1E2260DB59A00B96C8F /* GoogleService-Info.plist in Resources */,
				22565CE6265A672B009374B2 /* SignUp.storyboard in Resources */,
				CB26609F263696AC00CF9063 /* SubTableViewCell.xib in Resources */,
				2260111625AC5660004893B7 /* Main.storyboard in Resources */,
				CBE4C7E025B9489300897336 /* CustomTableViewCell.xib in Resources */,
			);
			runOnlyForDeploymentPostprocessing = 0;
		};
		2260111F25AC5663004893B7 /* Resources */ = {
			isa = PBXResourcesBuildPhase;
			buildActionMask = 2147483647;
			files = (
			);
			runOnlyForDeploymentPostprocessing = 0;
		};
		2260112A25AC5663004893B7 /* Resources */ = {
			isa = PBXResourcesBuildPhase;
			buildActionMask = 2147483647;
			files = (
			);
			runOnlyForDeploymentPostprocessing = 0;
		};
/* End PBXResourcesBuildPhase section */

/* Begin PBXShellScriptBuildPhase section */
		23F08833BBB1E63334B767BB /* [CP] Copy Pods Resources */ = {
			isa = PBXShellScriptBuildPhase;
			buildActionMask = 2147483647;
			files = (
			);
			inputFileListPaths = (
				"${PODS_ROOT}/Target Support Files/Pods-RamenInfo-RamenInfoUITests/Pods-RamenInfo-RamenInfoUITests-resources-${CONFIGURATION}-input-files.xcfilelist",
			);
			name = "[CP] Copy Pods Resources";
			outputFileListPaths = (
				"${PODS_ROOT}/Target Support Files/Pods-RamenInfo-RamenInfoUITests/Pods-RamenInfo-RamenInfoUITests-resources-${CONFIGURATION}-output-files.xcfilelist",
			);
			runOnlyForDeploymentPostprocessing = 0;
			shellPath = /bin/sh;
			shellScript = "\"${PODS_ROOT}/Target Support Files/Pods-RamenInfo-RamenInfoUITests/Pods-RamenInfo-RamenInfoUITests-resources.sh\"\n";
			showEnvVarsInLog = 0;
		};
		2553E8451EDF4DAB5FB3EA3C /* [CP] Copy Pods Resources */ = {
			isa = PBXShellScriptBuildPhase;
			buildActionMask = 2147483647;
			files = (
			);
			inputFileListPaths = (
				"${PODS_ROOT}/Target Support Files/Pods-RamenInfo/Pods-RamenInfo-resources-${CONFIGURATION}-input-files.xcfilelist",
			);
			name = "[CP] Copy Pods Resources";
			outputFileListPaths = (
				"${PODS_ROOT}/Target Support Files/Pods-RamenInfo/Pods-RamenInfo-resources-${CONFIGURATION}-output-files.xcfilelist",
			);
			runOnlyForDeploymentPostprocessing = 0;
			shellPath = /bin/sh;
			shellScript = "\"${PODS_ROOT}/Target Support Files/Pods-RamenInfo/Pods-RamenInfo-resources.sh\"\n";
			showEnvVarsInLog = 0;
		};
		47DCDBC916F30E8752487ED3 /* [CP] Embed Pods Frameworks */ = {
			isa = PBXShellScriptBuildPhase;
			buildActionMask = 2147483647;
			files = (
			);
			inputFileListPaths = (
				"${PODS_ROOT}/Target Support Files/Pods-RamenInfo-RamenInfoUITests/Pods-RamenInfo-RamenInfoUITests-frameworks-${CONFIGURATION}-input-files.xcfilelist",
			);
			name = "[CP] Embed Pods Frameworks";
			outputFileListPaths = (
				"${PODS_ROOT}/Target Support Files/Pods-RamenInfo-RamenInfoUITests/Pods-RamenInfo-RamenInfoUITests-frameworks-${CONFIGURATION}-output-files.xcfilelist",
			);
			runOnlyForDeploymentPostprocessing = 0;
			shellPath = /bin/sh;
			shellScript = "\"${PODS_ROOT}/Target Support Files/Pods-RamenInfo-RamenInfoUITests/Pods-RamenInfo-RamenInfoUITests-frameworks.sh\"\n";
			showEnvVarsInLog = 0;
		};
		58F6DCAE7F7F1DE987D88064 /* [CP] Check Pods Manifest.lock */ = {
			isa = PBXShellScriptBuildPhase;
			buildActionMask = 2147483647;
			files = (
			);
			inputFileListPaths = (
			);
			inputPaths = (
				"${PODS_PODFILE_DIR_PATH}/Podfile.lock",
				"${PODS_ROOT}/Manifest.lock",
			);
			name = "[CP] Check Pods Manifest.lock";
			outputFileListPaths = (
			);
			outputPaths = (
				"$(DERIVED_FILE_DIR)/Pods-RamenInfo-RamenInfoUITests-checkManifestLockResult.txt",
			);
			runOnlyForDeploymentPostprocessing = 0;
			shellPath = /bin/sh;
			shellScript = "diff \"${PODS_PODFILE_DIR_PATH}/Podfile.lock\" \"${PODS_ROOT}/Manifest.lock\" > /dev/null\nif [ $? != 0 ] ; then\n    # print error to STDERR\n    echo \"error: The sandbox is not in sync with the Podfile.lock. Run 'pod install' or update your CocoaPods installation.\" >&2\n    exit 1\nfi\n# This output is used by Xcode 'outputs' to avoid re-running this script phase.\necho \"SUCCESS\" > \"${SCRIPT_OUTPUT_FILE_0}\"\n";
			showEnvVarsInLog = 0;
		};
		5AF89F15BE0A451DE52F389F /* [CP] Check Pods Manifest.lock */ = {
			isa = PBXShellScriptBuildPhase;
			buildActionMask = 2147483647;
			files = (
			);
			inputFileListPaths = (
			);
			inputPaths = (
				"${PODS_PODFILE_DIR_PATH}/Podfile.lock",
				"${PODS_ROOT}/Manifest.lock",
			);
			name = "[CP] Check Pods Manifest.lock";
			outputFileListPaths = (
			);
			outputPaths = (
				"$(DERIVED_FILE_DIR)/Pods-RamenInfo-checkManifestLockResult.txt",
			);
			runOnlyForDeploymentPostprocessing = 0;
			shellPath = /bin/sh;
			shellScript = "diff \"${PODS_PODFILE_DIR_PATH}/Podfile.lock\" \"${PODS_ROOT}/Manifest.lock\" > /dev/null\nif [ $? != 0 ] ; then\n    # print error to STDERR\n    echo \"error: The sandbox is not in sync with the Podfile.lock. Run 'pod install' or update your CocoaPods installation.\" >&2\n    exit 1\nfi\n# This output is used by Xcode 'outputs' to avoid re-running this script phase.\necho \"SUCCESS\" > \"${SCRIPT_OUTPUT_FILE_0}\"\n";
			showEnvVarsInLog = 0;
		};
		618BFF6D73218DAB0E1657F1 /* [CP] Embed Pods Frameworks */ = {
			isa = PBXShellScriptBuildPhase;
			buildActionMask = 2147483647;
			files = (
			);
			inputFileListPaths = (
				"${PODS_ROOT}/Target Support Files/Pods-RamenInfo/Pods-RamenInfo-frameworks-${CONFIGURATION}-input-files.xcfilelist",
			);
			name = "[CP] Embed Pods Frameworks";
			outputFileListPaths = (
				"${PODS_ROOT}/Target Support Files/Pods-RamenInfo/Pods-RamenInfo-frameworks-${CONFIGURATION}-output-files.xcfilelist",
			);
			runOnlyForDeploymentPostprocessing = 0;
			shellPath = /bin/sh;
			shellScript = "\"${PODS_ROOT}/Target Support Files/Pods-RamenInfo/Pods-RamenInfo-frameworks.sh\"\n";
			showEnvVarsInLog = 0;
		};
		C1D9185F879BD92E188D81D7 /* [CP] Check Pods Manifest.lock */ = {
			isa = PBXShellScriptBuildPhase;
			buildActionMask = 2147483647;
			files = (
			);
			inputFileListPaths = (
			);
			inputPaths = (
				"${PODS_PODFILE_DIR_PATH}/Podfile.lock",
				"${PODS_ROOT}/Manifest.lock",
			);
			name = "[CP] Check Pods Manifest.lock";
			outputFileListPaths = (
			);
			outputPaths = (
				"$(DERIVED_FILE_DIR)/Pods-RamenInfoTests-checkManifestLockResult.txt",
			);
			runOnlyForDeploymentPostprocessing = 0;
			shellPath = /bin/sh;
			shellScript = "diff \"${PODS_PODFILE_DIR_PATH}/Podfile.lock\" \"${PODS_ROOT}/Manifest.lock\" > /dev/null\nif [ $? != 0 ] ; then\n    # print error to STDERR\n    echo \"error: The sandbox is not in sync with the Podfile.lock. Run 'pod install' or update your CocoaPods installation.\" >&2\n    exit 1\nfi\n# This output is used by Xcode 'outputs' to avoid re-running this script phase.\necho \"SUCCESS\" > \"${SCRIPT_OUTPUT_FILE_0}\"\n";
			showEnvVarsInLog = 0;
		};
/* End PBXShellScriptBuildPhase section */

/* Begin PBXSourcesBuildPhase section */
		2260110725AC5660004893B7 /* Sources */ = {
			isa = PBXSourcesBuildPhase;
			buildActionMask = 2147483647;
			files = (
				02F5B18A2637C871006353BD /* UserTimelineDecord.swift in Sources */,
				02ED926C25BEA4DD00EDAA32 /* TwitterApiProtocol.swift in Sources */,
				02F5B16A2636AFFD006353BD /* TweetModel.swift in Sources */,
				02F5B1782636B052006353BD /* UserTimelineRequest.swift in Sources */,
				CBE4C7D125B9467300897336 /* CustomScrollViewCell.swift in Sources */,
				CB8EFE542653984700952702 /* UIColorHex.swift in Sources */,
				02F5B1AC263AA02D006353BD /* SearchTweetRequest.swift in Sources */,
				02F5B17D2636B066006353BD /* SearchRecentRequest.swift in Sources */,
				2260117F25AD7ABA004893B7 /* MypageViewController.swift in Sources */,
				CBE4C7DF25B9489300897336 /* CustomTableViewCell.swift in Sources */,
				CBE4C7EA25B94ADE00897336 /* RamenData.swift in Sources */,
				22B1E7F625B948A0001D4203 /* NSObjectExtension.swift in Sources */,
				2260117225AD7706004893B7 /* LoginViewController.swift in Sources */,
				CBE4C83825B96D0700897336 /* NextSegueDelegate.swift in Sources */,
				02ED928325BEA62500EDAA32 /* SearchTweetCodable.swift in Sources */,
				02F5B1822636B0E7006353BD /* SearchRecentModel.swift in Sources */,
				02ED928825BEA6D800EDAA32 /* TwitterApi.swift in Sources */,
				22B1E89125C27FFC001D4203 /* ShopImageViewController.swift in Sources */,
				2260111325AC5660004893B7 /* ViewController.swift in Sources */,
				CBE4C80225B960B800897336 /* FireBaseDatabase.swift in Sources */,
				22237F0025DE5C4E007C60A7 /* FavoriteState.swift in Sources */,
				02F5B1652636AFCB006353BD /* TweetDataCodable.swift in Sources */,
				02ED927425BEA52B00EDAA32 /* UserTimelineModel.swift in Sources */,
				02F5B1942637C93F006353BD /* SearchRecentCodable.swift in Sources */,
				02ED927E25BEA5FE00EDAA32 /* SearchTweet.swift in Sources */,
				CB2660A72636979B00CF9063 /* SubTableViewController.swift in Sources */,
				02ED927925BEA5B700EDAA32 /* UserTimelineCodable.swift in Sources */,
				226011A225AFEAE7004893B7 /* SubViewController.swift in Sources */,
				2260110F25AC5660004893B7 /* AppDelegate.swift in Sources */,
				02F5B1A72637EF87006353BD /* SearchTweetDecodable.swift in Sources */,
				CBE4C7EF25B94DC500897336 /* TableView.swift in Sources */,
				2260111125AC5660004893B7 /* SceneDelegate.swift in Sources */,
				02F5B18F2637C882006353BD /* SearchRecentDecord.swift in Sources */,
				22533A6225FDFC0700544745 /* SignInViewController.swift in Sources */,
				CB26609E263696AC00CF9063 /* SubTableViewCell.swift in Sources */,
				02F5B1702636B035006353BD /* TwitterApiRequest.swift in Sources */,
				22B1E77825B582FE001D4203 /* FirstTableViewCell.swift in Sources */,
				2270D017265B61FC007637DA /* SignUpViewController.swift in Sources */,
				CBAFB9572668BF9800CDB1E1 /* PopupViewController.swift in Sources */,
			);
			runOnlyForDeploymentPostprocessing = 0;
		};
		2260111D25AC5663004893B7 /* Sources */ = {
			isa = PBXSourcesBuildPhase;
			buildActionMask = 2147483647;
			files = (
				2260112625AC5663004893B7 /* RamenInfoTests.swift in Sources */,
			);
			runOnlyForDeploymentPostprocessing = 0;
		};
		2260112825AC5663004893B7 /* Sources */ = {
			isa = PBXSourcesBuildPhase;
			buildActionMask = 2147483647;
			files = (
				2260113125AC5663004893B7 /* RamenInfoUITests.swift in Sources */,
			);
			runOnlyForDeploymentPostprocessing = 0;
		};
/* End PBXSourcesBuildPhase section */

/* Begin PBXTargetDependency section */
		2260112325AC5663004893B7 /* PBXTargetDependency */ = {
			isa = PBXTargetDependency;
			target = 2260110A25AC5660004893B7 /* RamenInfo */;
			targetProxy = 2260112225AC5663004893B7 /* PBXContainerItemProxy */;
		};
		2260112E25AC5663004893B7 /* PBXTargetDependency */ = {
			isa = PBXTargetDependency;
			target = 2260110A25AC5660004893B7 /* RamenInfo */;
			targetProxy = 2260112D25AC5663004893B7 /* PBXContainerItemProxy */;
		};
/* End PBXTargetDependency section */

/* Begin PBXVariantGroup section */
		2260111425AC5660004893B7 /* Main.storyboard */ = {
			isa = PBXVariantGroup;
			children = (
				2260111525AC5660004893B7 /* Base */,
			);
			name = Main.storyboard;
			sourceTree = "<group>";
		};
		2260111925AC5663004893B7 /* LaunchScreen.storyboard */ = {
			isa = PBXVariantGroup;
			children = (
				2260111A25AC5663004893B7 /* Base */,
			);
			name = LaunchScreen.storyboard;
			sourceTree = "<group>";
		};
/* End PBXVariantGroup section */

/* Begin XCBuildConfiguration section */
		2260113325AC5663004893B7 /* Debug */ = {
			isa = XCBuildConfiguration;
			buildSettings = {
				ALWAYS_SEARCH_USER_PATHS = NO;
				CLANG_ANALYZER_NONNULL = YES;
				CLANG_ANALYZER_NUMBER_OBJECT_CONVERSION = YES_AGGRESSIVE;
				CLANG_CXX_LANGUAGE_STANDARD = "gnu++14";
				CLANG_CXX_LIBRARY = "libc++";
				CLANG_ENABLE_MODULES = YES;
				CLANG_ENABLE_OBJC_ARC = YES;
				CLANG_ENABLE_OBJC_WEAK = YES;
				CLANG_WARN_BLOCK_CAPTURE_AUTORELEASING = YES;
				CLANG_WARN_BOOL_CONVERSION = YES;
				CLANG_WARN_COMMA = YES;
				CLANG_WARN_CONSTANT_CONVERSION = YES;
				CLANG_WARN_DEPRECATED_OBJC_IMPLEMENTATIONS = YES;
				CLANG_WARN_DIRECT_OBJC_ISA_USAGE = YES_ERROR;
				CLANG_WARN_DOCUMENTATION_COMMENTS = YES;
				CLANG_WARN_EMPTY_BODY = YES;
				CLANG_WARN_ENUM_CONVERSION = YES;
				CLANG_WARN_INFINITE_RECURSION = YES;
				CLANG_WARN_INT_CONVERSION = YES;
				CLANG_WARN_NON_LITERAL_NULL_CONVERSION = YES;
				CLANG_WARN_OBJC_IMPLICIT_RETAIN_SELF = YES;
				CLANG_WARN_OBJC_LITERAL_CONVERSION = YES;
				CLANG_WARN_OBJC_ROOT_CLASS = YES_ERROR;
				CLANG_WARN_QUOTED_INCLUDE_IN_FRAMEWORK_HEADER = YES;
				CLANG_WARN_RANGE_LOOP_ANALYSIS = YES;
				CLANG_WARN_STRICT_PROTOTYPES = YES;
				CLANG_WARN_SUSPICIOUS_MOVE = YES;
				CLANG_WARN_UNGUARDED_AVAILABILITY = YES_AGGRESSIVE;
				CLANG_WARN_UNREACHABLE_CODE = YES;
				CLANG_WARN__DUPLICATE_METHOD_MATCH = YES;
				COPY_PHASE_STRIP = NO;
				DEBUG_INFORMATION_FORMAT = dwarf;
				ENABLE_STRICT_OBJC_MSGSEND = YES;
				ENABLE_TESTABILITY = YES;
				GCC_C_LANGUAGE_STANDARD = gnu11;
				GCC_DYNAMIC_NO_PIC = NO;
				GCC_NO_COMMON_BLOCKS = YES;
				GCC_OPTIMIZATION_LEVEL = 0;
				GCC_PREPROCESSOR_DEFINITIONS = (
					"DEBUG=1",
					"$(inherited)",
				);
				GCC_WARN_64_TO_32_BIT_CONVERSION = YES;
				GCC_WARN_ABOUT_RETURN_TYPE = YES_ERROR;
				GCC_WARN_UNDECLARED_SELECTOR = YES;
				GCC_WARN_UNINITIALIZED_AUTOS = YES_AGGRESSIVE;
				GCC_WARN_UNUSED_FUNCTION = YES;
				GCC_WARN_UNUSED_VARIABLE = YES;
				IPHONEOS_DEPLOYMENT_TARGET = 14.3;
				MTL_ENABLE_DEBUG_INFO = INCLUDE_SOURCE;
				MTL_FAST_MATH = YES;
				ONLY_ACTIVE_ARCH = YES;
				SDKROOT = iphoneos;
				SWIFT_ACTIVE_COMPILATION_CONDITIONS = DEBUG;
				SWIFT_OPTIMIZATION_LEVEL = "-Onone";
			};
			name = Debug;
		};
		2260113425AC5663004893B7 /* Release */ = {
			isa = XCBuildConfiguration;
			buildSettings = {
				ALWAYS_SEARCH_USER_PATHS = NO;
				CLANG_ANALYZER_NONNULL = YES;
				CLANG_ANALYZER_NUMBER_OBJECT_CONVERSION = YES_AGGRESSIVE;
				CLANG_CXX_LANGUAGE_STANDARD = "gnu++14";
				CLANG_CXX_LIBRARY = "libc++";
				CLANG_ENABLE_MODULES = YES;
				CLANG_ENABLE_OBJC_ARC = YES;
				CLANG_ENABLE_OBJC_WEAK = YES;
				CLANG_WARN_BLOCK_CAPTURE_AUTORELEASING = YES;
				CLANG_WARN_BOOL_CONVERSION = YES;
				CLANG_WARN_COMMA = YES;
				CLANG_WARN_CONSTANT_CONVERSION = YES;
				CLANG_WARN_DEPRECATED_OBJC_IMPLEMENTATIONS = YES;
				CLANG_WARN_DIRECT_OBJC_ISA_USAGE = YES_ERROR;
				CLANG_WARN_DOCUMENTATION_COMMENTS = YES;
				CLANG_WARN_EMPTY_BODY = YES;
				CLANG_WARN_ENUM_CONVERSION = YES;
				CLANG_WARN_INFINITE_RECURSION = YES;
				CLANG_WARN_INT_CONVERSION = YES;
				CLANG_WARN_NON_LITERAL_NULL_CONVERSION = YES;
				CLANG_WARN_OBJC_IMPLICIT_RETAIN_SELF = YES;
				CLANG_WARN_OBJC_LITERAL_CONVERSION = YES;
				CLANG_WARN_OBJC_ROOT_CLASS = YES_ERROR;
				CLANG_WARN_QUOTED_INCLUDE_IN_FRAMEWORK_HEADER = YES;
				CLANG_WARN_RANGE_LOOP_ANALYSIS = YES;
				CLANG_WARN_STRICT_PROTOTYPES = YES;
				CLANG_WARN_SUSPICIOUS_MOVE = YES;
				CLANG_WARN_UNGUARDED_AVAILABILITY = YES_AGGRESSIVE;
				CLANG_WARN_UNREACHABLE_CODE = YES;
				CLANG_WARN__DUPLICATE_METHOD_MATCH = YES;
				COPY_PHASE_STRIP = NO;
				DEBUG_INFORMATION_FORMAT = "dwarf-with-dsym";
				ENABLE_NS_ASSERTIONS = NO;
				ENABLE_STRICT_OBJC_MSGSEND = YES;
				GCC_C_LANGUAGE_STANDARD = gnu11;
				GCC_NO_COMMON_BLOCKS = YES;
				GCC_WARN_64_TO_32_BIT_CONVERSION = YES;
				GCC_WARN_ABOUT_RETURN_TYPE = YES_ERROR;
				GCC_WARN_UNDECLARED_SELECTOR = YES;
				GCC_WARN_UNINITIALIZED_AUTOS = YES_AGGRESSIVE;
				GCC_WARN_UNUSED_FUNCTION = YES;
				GCC_WARN_UNUSED_VARIABLE = YES;
				IPHONEOS_DEPLOYMENT_TARGET = 14.3;
				MTL_ENABLE_DEBUG_INFO = NO;
				MTL_FAST_MATH = YES;
				ONLY_ACTIVE_ARCH = NO;
				SDKROOT = iphoneos;
				SWIFT_COMPILATION_MODE = wholemodule;
				SWIFT_OPTIMIZATION_LEVEL = "-O";
				VALIDATE_PRODUCT = YES;
			};
			name = Release;
		};
		2260113625AC5663004893B7 /* Debug */ = {
			isa = XCBuildConfiguration;
			baseConfigurationReference = 590F5AD9B89560A87F98880C /* Pods-RamenInfo.debug.xcconfig */;
			buildSettings = {
				ASSETCATALOG_COMPILER_APPICON_NAME = AppIcon;
				ASSETCATALOG_COMPILER_GLOBAL_ACCENT_COLOR_NAME = AccentColor;
				CODE_SIGN_ENTITLEMENTS = RamenInfo/RamenInfo.entitlements;
				CODE_SIGN_STYLE = Automatic;
				CURRENT_PROJECT_VERSION = 1.03;
				DEVELOPMENT_TEAM = 89423F8339;
				"EXCLUDED_ARCHS[sdk=iphonesimulator*]" = arm64;
				INFOPLIST_FILE = RamenInfo/Info.plist;
				IPHONEOS_DEPLOYMENT_TARGET = 11.0;
				LD_RUNPATH_SEARCH_PATHS = (
					"$(inherited)",
					"@executable_path/Frameworks",
				);
				MARKETING_VERSION = 1.03;
				PRODUCT_BUNDLE_IDENTIFIER = Sukil.RamenInfo;
				PRODUCT_NAME = "$(TARGET_NAME)";
				SWIFT_VERSION = 5.0;
				TARGETED_DEVICE_FAMILY = "1,2";
			};
			name = Debug;
		};
		2260113725AC5663004893B7 /* Release */ = {
			isa = XCBuildConfiguration;
			baseConfigurationReference = 7FE735EC6A67163B78E48AB4 /* Pods-RamenInfo.release.xcconfig */;
			buildSettings = {
				ASSETCATALOG_COMPILER_APPICON_NAME = AppIcon;
				ASSETCATALOG_COMPILER_GLOBAL_ACCENT_COLOR_NAME = AccentColor;
				CODE_SIGN_ENTITLEMENTS = RamenInfo/RamenInfo.entitlements;
				CODE_SIGN_STYLE = Automatic;
				CURRENT_PROJECT_VERSION = 1.03;
				DEVELOPMENT_TEAM = 89423F8339;
				"EXCLUDED_ARCHS[sdk=iphonesimulator*]" = arm64;
				INFOPLIST_FILE = RamenInfo/Info.plist;
				IPHONEOS_DEPLOYMENT_TARGET = 11.0;
				LD_RUNPATH_SEARCH_PATHS = (
					"$(inherited)",
					"@executable_path/Frameworks",
				);
				MARKETING_VERSION = 1.03;
				PRODUCT_BUNDLE_IDENTIFIER = Sukil.RamenInfo;
				PRODUCT_NAME = "$(TARGET_NAME)";
				SWIFT_VERSION = 5.0;
				TARGETED_DEVICE_FAMILY = "1,2";
			};
			name = Release;
		};
		2260113925AC5663004893B7 /* Debug */ = {
			isa = XCBuildConfiguration;
			baseConfigurationReference = 0576606CF2DE06726D90EC1A /* Pods-RamenInfoTests.debug.xcconfig */;
			buildSettings = {
				ALWAYS_EMBED_SWIFT_STANDARD_LIBRARIES = YES;
				BUNDLE_LOADER = "$(TEST_HOST)";
				CODE_SIGN_STYLE = Automatic;
				DEVELOPMENT_TEAM = 728MNT2Y45;
				INFOPLIST_FILE = RamenInfoTests/Info.plist;
				IPHONEOS_DEPLOYMENT_TARGET = 14.3;
				LD_RUNPATH_SEARCH_PATHS = (
					"$(inherited)",
					"@executable_path/Frameworks",
					"@loader_path/Frameworks",
				);
				PRODUCT_BUNDLE_IDENTIFIER = com.hanjirou.RamenInfoTests;
				PRODUCT_NAME = "$(TARGET_NAME)";
				SWIFT_VERSION = 5.0;
				TARGETED_DEVICE_FAMILY = "1,2";
				TEST_HOST = "$(BUILT_PRODUCTS_DIR)/RamenInfo.app/RamenInfo";
			};
			name = Debug;
		};
		2260113A25AC5663004893B7 /* Release */ = {
			isa = XCBuildConfiguration;
			baseConfigurationReference = 840D70369F30361A1ECD8522 /* Pods-RamenInfoTests.release.xcconfig */;
			buildSettings = {
				ALWAYS_EMBED_SWIFT_STANDARD_LIBRARIES = YES;
				BUNDLE_LOADER = "$(TEST_HOST)";
				CODE_SIGN_STYLE = Automatic;
				DEVELOPMENT_TEAM = 728MNT2Y45;
				INFOPLIST_FILE = RamenInfoTests/Info.plist;
				IPHONEOS_DEPLOYMENT_TARGET = 14.3;
				LD_RUNPATH_SEARCH_PATHS = (
					"$(inherited)",
					"@executable_path/Frameworks",
					"@loader_path/Frameworks",
				);
				PRODUCT_BUNDLE_IDENTIFIER = com.hanjirou.RamenInfoTests;
				PRODUCT_NAME = "$(TARGET_NAME)";
				SWIFT_VERSION = 5.0;
				TARGETED_DEVICE_FAMILY = "1,2";
				TEST_HOST = "$(BUILT_PRODUCTS_DIR)/RamenInfo.app/RamenInfo";
			};
			name = Release;
		};
		2260113C25AC5663004893B7 /* Debug */ = {
			isa = XCBuildConfiguration;
			baseConfigurationReference = D2015B444FFDCF7BAAF28636 /* Pods-RamenInfo-RamenInfoUITests.debug.xcconfig */;
			buildSettings = {
				ALWAYS_EMBED_SWIFT_STANDARD_LIBRARIES = YES;
				CODE_SIGN_STYLE = Automatic;
				DEVELOPMENT_TEAM = 728MNT2Y45;
				INFOPLIST_FILE = RamenInfoUITests/Info.plist;
				LD_RUNPATH_SEARCH_PATHS = (
					"$(inherited)",
					"@executable_path/Frameworks",
					"@loader_path/Frameworks",
				);
				PRODUCT_BUNDLE_IDENTIFIER = com.hanjirou.RamenInfoUITests;
				PRODUCT_NAME = "$(TARGET_NAME)";
				SWIFT_VERSION = 5.0;
				TARGETED_DEVICE_FAMILY = "1,2";
				TEST_TARGET_NAME = RamenInfo;
			};
			name = Debug;
		};
		2260113D25AC5663004893B7 /* Release */ = {
			isa = XCBuildConfiguration;
			baseConfigurationReference = F5D738E5BBECA5EFCDE918C7 /* Pods-RamenInfo-RamenInfoUITests.release.xcconfig */;
			buildSettings = {
				ALWAYS_EMBED_SWIFT_STANDARD_LIBRARIES = YES;
				CODE_SIGN_STYLE = Automatic;
				DEVELOPMENT_TEAM = 728MNT2Y45;
				INFOPLIST_FILE = RamenInfoUITests/Info.plist;
				LD_RUNPATH_SEARCH_PATHS = (
					"$(inherited)",
					"@executable_path/Frameworks",
					"@loader_path/Frameworks",
				);
				PRODUCT_BUNDLE_IDENTIFIER = com.hanjirou.RamenInfoUITests;
				PRODUCT_NAME = "$(TARGET_NAME)";
				SWIFT_VERSION = 5.0;
				TARGETED_DEVICE_FAMILY = "1,2";
				TEST_TARGET_NAME = RamenInfo;
			};
			name = Release;
		};
/* End XCBuildConfiguration section */

/* Begin XCConfigurationList section */
		2260110625AC5660004893B7 /* Build configuration list for PBXProject "RamenInfo" */ = {
			isa = XCConfigurationList;
			buildConfigurations = (
				2260113325AC5663004893B7 /* Debug */,
				2260113425AC5663004893B7 /* Release */,
			);
			defaultConfigurationIsVisible = 0;
			defaultConfigurationName = Release;
		};
		2260113525AC5663004893B7 /* Build configuration list for PBXNativeTarget "RamenInfo" */ = {
			isa = XCConfigurationList;
			buildConfigurations = (
				2260113625AC5663004893B7 /* Debug */,
				2260113725AC5663004893B7 /* Release */,
			);
			defaultConfigurationIsVisible = 0;
			defaultConfigurationName = Release;
		};
		2260113825AC5663004893B7 /* Build configuration list for PBXNativeTarget "RamenInfoTests" */ = {
			isa = XCConfigurationList;
			buildConfigurations = (
				2260113925AC5663004893B7 /* Debug */,
				2260113A25AC5663004893B7 /* Release */,
			);
			defaultConfigurationIsVisible = 0;
			defaultConfigurationName = Release;
		};
		2260113B25AC5663004893B7 /* Build configuration list for PBXNativeTarget "RamenInfoUITests" */ = {
			isa = XCConfigurationList;
			buildConfigurations = (
				2260113C25AC5663004893B7 /* Debug */,
				2260113D25AC5663004893B7 /* Release */,
			);
			defaultConfigurationIsVisible = 0;
			defaultConfigurationName = Release;
		};
/* End XCConfigurationList section */
	};
	rootObject = 2260110325AC5660004893B7 /* Project object */;
}
